
Microsoft Visual Studio Solution File, Format Version 12.00
# Visual Studio Version 17
VisualStudioVersion = 17.8.34322.80
MinimumVisualStudioVersion = 10.0.40219.1
Project("{2150E333-8FDC-42A3-9474-1A3956D46DE8}") = "Solution Items", "Solution Items", "{AAABADA8-A3B3-4858-9745-F453DC7A0D27}"
	ProjectSection(SolutionItems) = preProject
		.editorconfig = .editorconfig
		.gitattributes = .gitattributes
		.gitignore = .gitignore
		LICENSE.txt = LICENSE.txt
		README.md = README.md
	EndProjectSection
EndProject
Project("{9A19103F-16F7-4668-BE54-9A1E7A4F7556}") = "Day1", "Day1\Day1.csproj", "{4EDC4284-43A3-412B-84DF-AC8058B24E6F}"
EndProject
Project("{9A19103F-16F7-4668-BE54-9A1E7A4F7556}") = "Day2", "Day2\Day2.csproj", "{7C14F6FF-2BDC-435D-94F6-9654D3D9514A}"
EndProject
Project("{9A19103F-16F7-4668-BE54-9A1E7A4F7556}") = "Common", "Common\Common.csproj", "{91019252-5936-467C-A803-5195B5CD01DC}"
EndProject
Project("{9A19103F-16F7-4668-BE54-9A1E7A4F7556}") = "Day3", "Day3\Day3.csproj", "{D6102883-ACE4-4BDB-AF3C-7B8B42176F0E}"
EndProject
Project("{9A19103F-16F7-4668-BE54-9A1E7A4F7556}") = "Day4", "Day4\Day4.csproj", "{5B42AB55-F523-45CA-9D3E-84DB4F3905FB}"
EndProject
Project("{9A19103F-16F7-4668-BE54-9A1E7A4F7556}") = "Day5", "Day5\Day5.csproj", "{4ED26D0B-6968-4426-9E11-0E10FF662CE7}"
EndProject
Project("{9A19103F-16F7-4668-BE54-9A1E7A4F7556}") = "Day6", "Day6\Day6.csproj", "{DCB7EFF1-07C4-4CEB-8563-F6F5C50FE792}"
EndProject
Global
	GlobalSection(SolutionConfigurationPlatforms) = preSolution
		Debug|Any CPU = Debug|Any CPU
		Release|Any CPU = Release|Any CPU
	EndGlobalSection
	GlobalSection(ProjectConfigurationPlatforms) = postSolution
		{4EDC4284-43A3-412B-84DF-AC8058B24E6F}.Debug|Any CPU.ActiveCfg = Debug|Any CPU
		{4EDC4284-43A3-412B-84DF-AC8058B24E6F}.Debug|Any CPU.Build.0 = Debug|Any CPU
		{4EDC4284-43A3-412B-84DF-AC8058B24E6F}.Release|Any CPU.ActiveCfg = Release|Any CPU
		{4EDC4284-43A3-412B-84DF-AC8058B24E6F}.Release|Any CPU.Build.0 = Release|Any CPU
		{7C14F6FF-2BDC-435D-94F6-9654D3D9514A}.Debug|Any CPU.ActiveCfg = Debug|Any CPU
		{7C14F6FF-2BDC-435D-94F6-9654D3D9514A}.Debug|Any CPU.Build.0 = Debug|Any CPU
		{7C14F6FF-2BDC-435D-94F6-9654D3D9514A}.Release|Any CPU.ActiveCfg = Release|Any CPU
		{7C14F6FF-2BDC-435D-94F6-9654D3D9514A}.Release|Any CPU.Build.0 = Release|Any CPU
		{91019252-5936-467C-A803-5195B5CD01DC}.Debug|Any CPU.ActiveCfg = Debug|Any CPU
		{91019252-5936-467C-A803-5195B5CD01DC}.Debug|Any CPU.Build.0 = Debug|Any CPU
		{91019252-5936-467C-A803-5195B5CD01DC}.Release|Any CPU.ActiveCfg = Release|Any CPU
		{91019252-5936-467C-A803-5195B5CD01DC}.Release|Any CPU.Build.0 = Release|Any CPU
		{D6102883-ACE4-4BDB-AF3C-7B8B42176F0E}.Debug|Any CPU.ActiveCfg = Debug|Any CPU
		{D6102883-ACE4-4BDB-AF3C-7B8B42176F0E}.Debug|Any CPU.Build.0 = Debug|Any CPU
		{D6102883-ACE4-4BDB-AF3C-7B8B42176F0E}.Release|Any CPU.ActiveCfg = Release|Any CPU
		{D6102883-ACE4-4BDB-AF3C-7B8B42176F0E}.Release|Any CPU.Build.0 = Release|Any CPU
		{5B42AB55-F523-45CA-9D3E-84DB4F3905FB}.Debug|Any CPU.ActiveCfg = Debug|Any CPU
		{5B42AB55-F523-45CA-9D3E-84DB4F3905FB}.Debug|Any CPU.Build.0 = Debug|Any CPU
		{5B42AB55-F523-45CA-9D3E-84DB4F3905FB}.Release|Any CPU.ActiveCfg = Release|Any CPU
		{5B42AB55-F523-45CA-9D3E-84DB4F3905FB}.Release|Any CPU.Build.0 = Release|Any CPU
		{4ED26D0B-6968-4426-9E11-0E10FF662CE7}.Debug|Any CPU.ActiveCfg = Debug|Any CPU
		{4ED26D0B-6968-4426-9E11-0E10FF662CE7}.Debug|Any CPU.Build.0 = Debug|Any CPU
		{4ED26D0B-6968-4426-9E11-0E10FF662CE7}.Release|Any CPU.ActiveCfg = Release|Any CPU
		{4ED26D0B-6968-4426-9E11-0E10FF662CE7}.Release|Any CPU.Build.0 = Release|Any CPU
		{DCB7EFF1-07C4-4CEB-8563-F6F5C50FE792}.Debug|Any CPU.ActiveCfg = Debug|Any CPU
		{DCB7EFF1-07C4-4CEB-8563-F6F5C50FE792}.Debug|Any CPU.Build.0 = Debug|Any CPU
		{DCB7EFF1-07C4-4CEB-8563-F6F5C50FE792}.Release|Any CPU.ActiveCfg = Release|Any CPU
		{DCB7EFF1-07C4-4CEB-8563-F6F5C50FE792}.Release|Any CPU.Build.0 = Release|Any CPU
	EndGlobalSection
	GlobalSection(SolutionProperties) = preSolution
		HideSolutionNode = FALSE
	EndGlobalSection
	GlobalSection(ExtensibilityGlobals) = postSolution
		SolutionGuid = {974EC023-64B9-4D8E-BA57-4552E542850D}
	EndGlobalSection
EndGlobal
